<?xml version="1.0" encoding="utf-8"?>
<Project ToolsVersion="4.0" xmlns="http://schemas.microsoft.com/developer/msbuild/2003">
  <ItemGroup>
    <Filter Include="Inc">
      <UniqueIdentifier>{bfa0811b-ad31-4944-989f-df40e7be7158}</UniqueIdentifier>
    </Filter>
    <Filter Include="Src">
      <UniqueIdentifier>{a187363b-1606-41f4-821f-012032cd5369}</UniqueIdentifier>
    </Filter>
  </ItemGroup>
  <ItemGroup>
    <ClInclude Include="..\Inc\ALAudio.h">
      <Filter>Inc</Filter>
    </ClInclude>
    <ClInclude Include="..\Inc\ALAudioSubsystem.h">
      <Filter>Inc</Filter>
    </ClInclude>
    <ClInclude Include="..\Inc\ALFuncs.h">
      <Filter>Inc</Filter>
    </ClInclude>
    <ClInclude Include="ALAudioPrivate.h">
      <Filter>Src</Filter>
    </ClInclude>
  </ItemGroup>
  <ItemGroup>
    <ClCompile Include="ALAudio.cpp">
      <Filter>Src</Filter>
    </ClCompile>
    <ClCompile Include="ALAudioEAXTools.cpp">
      <Filter>Src</Filter>
    </ClCompile>
    <ClCompile Include="ALAudioSubsystem.cpp">
      <Filter>Src</Filter>
    </ClCompile>
  </ItemGroup>
</Project>