<?xml version="1.0" encoding="utf-8"?>
<Project ToolsVersion="4.0" xmlns="http://schemas.microsoft.com/developer/msbuild/2003">
  <ItemGroup>
    <Filter Include="Src">
      <UniqueIdentifier>{cc13a416-d7a4-4cea-bf2c-5d956aaba7b3}</UniqueIdentifier>
      <Extensions>*.cpp</Extensions>
    </Filter>
    <Filter Include="Inc">
      <UniqueIdentifier>{42495437-d0fa-45e1-a3be-36748b250bc3}</UniqueIdentifier>
      <Extensions>*.h</Extensions>
    </Filter>
    <Filter Include="Classes">
      <UniqueIdentifier>{2a818cb2-99f5-46b7-a493-eeeb383ddc68}</UniqueIdentifier>
      <Extensions>*.uc</Extensions>
    </Filter>
    <Filter Include="Int">
      <UniqueIdentifier>{de0362c5-ff5b-4711-907e-02b4f7ca5f46}</UniqueIdentifier>
      <Extensions>*.int</Extensions>
    </Filter>
  </ItemGroup>
  <ItemGroup>
    <ClCompile Include="Core.cpp">
      <Filter>Src</Filter>
    </ClCompile>
    <ClCompile Include="UExporter.cpp">
      <Filter>Src</Filter>
    </ClCompile>
    <ClCompile Include="UFactory.cpp">
      <Filter>Src</Filter>
    </ClCompile>
    <ClCompile Include="UnAnsi.cpp">
      <Filter>Src</Filter>
    </ClCompile>
    <ClCompile Include="UnBits.cpp">
      <Filter>Src</Filter>
    </ClCompile>
    <ClCompile Include="UnCache.cpp">
      <Filter>Src</Filter>
    </ClCompile>
    <ClCompile Include="UnClass.cpp">
      <Filter>Src</Filter>
    </ClCompile>
    <ClCompile Include="UnCorSc.cpp">
      <Filter>Src</Filter>
    </ClCompile>
    <ClCompile Include="UnCoreNative.cpp">
      <Filter>Src</Filter>
    </ClCompile>
    <ClCompile Include="UnCoreNet.cpp">
      <Filter>Src</Filter>
    </ClCompile>
    <ClCompile Include="UnGUID.cpp">
      <Filter>Src</Filter>
    </ClCompile>
    <ClCompile Include="UnLinker.cpp">
      <Filter>Src</Filter>
    </ClCompile>
    <ClCompile Include="UnMath.cpp">
      <Filter>Src</Filter>
    </ClCompile>
    <ClCompile Include="UnMem.cpp">
      <Filter>Src</Filter>
    </ClCompile>
    <ClCompile Include="UnMisc.cpp">
      <Filter>Src</Filter>
    </ClCompile>
    <ClCompile Include="UnName.cpp">
      <Filter>Src</Filter>
    </ClCompile>
    <ClCompile Include="UnObj.cpp">
      <Filter>Src</Filter>
    </ClCompile>
    <ClCompile Include="UnPSX2.cpp">
      <Filter>Src</Filter>
    </ClCompile>
    <ClCompile Include="UnProp.cpp">
      <Filter>Src</Filter>
    </ClCompile>
    <ClCompile Include="UnUnix.cpp">
      <Filter>Src</Filter>
    </ClCompile>
    <ClCompile Include="UnVcWin32.cpp">
      <Filter>Src</Filter>
    </ClCompile>
  </ItemGroup>
  <ItemGroup>
    <ClInclude Include="CorePrivate.h">
      <Filter>Src</Filter>
    </ClInclude>
    <ClInclude Include="..\Inc\Core.h">
      <Filter>Inc</Filter>
    </ClInclude>
    <ClInclude Include="..\Inc\FCodec.h">
      <Filter>Inc</Filter>
    </ClInclude>
    <ClInclude Include="..\Inc\FConfigCacheIni.h">
      <Filter>Inc</Filter>
    </ClInclude>
    <ClInclude Include="..\Inc\FFeedbackContextAnsi.h">
      <Filter>Inc</Filter>
    </ClInclude>
    <ClInclude Include="..\Inc\FFeedbackContextWindows.h">
      <Filter>Inc</Filter>
    </ClInclude>
    <ClInclude Include="..\Inc\FFileManagerAnsi.h">
      <Filter>Inc</Filter>
    </ClInclude>
    <ClInclude Include="..\Inc\FFileManagerArc.h">
      <Filter>Inc</Filter>
    </ClInclude>
    <ClInclude Include="..\Inc\FFileManagerGeneric.h">
      <Filter>Inc</Filter>
    </ClInclude>
    <ClInclude Include="..\Inc\FFileManagerLinear.h">
      <Filter>Inc</Filter>
    </ClInclude>
    <ClInclude Include="..\Inc\FFileManagerLinux.h">
      <Filter>Inc</Filter>
    </ClInclude>
    <ClInclude Include="..\Inc\FFileManagerPSX2.h">
      <Filter>Inc</Filter>
    </ClInclude>
    <ClInclude Include="..\Inc\FFileManagerWindows.h">
      <Filter>Inc</Filter>
    </ClInclude>
    <ClInclude Include="..\Inc\FFileManagerXbox.h">
      <Filter>Inc</Filter>
    </ClInclude>
    <ClInclude Include="..\Inc\FMallocAnsi.h">
      <Filter>Inc</Filter>
    </ClInclude>
    <ClInclude Include="..\Inc\FMallocDebug.h">
      <Filter>Inc</Filter>
    </ClInclude>
    <ClInclude Include="..\Inc\FMallocWindows.h">
      <Filter>Inc</Filter>
    </ClInclude>
    <ClInclude Include="..\Inc\FOutputDeviceAnsiError.h">
      <Filter>Inc</Filter>
    </ClInclude>
    <ClInclude Include="..\Inc\FOutputDeviceDebug.h">
      <Filter>Inc</Filter>
    </ClInclude>
    <ClInclude Include="..\Inc\FOutputDeviceFile.h">
      <Filter>Inc</Filter>
    </ClInclude>
    <ClInclude Include="..\Inc\FOutputDeviceNull.h">
      <Filter>Inc</Filter>
    </ClInclude>
    <ClInclude Include="..\Inc\FOutputDeviceStdout.h">
      <Filter>Inc</Filter>
    </ClInclude>
    <ClInclude Include="..\Inc\FOutputDeviceWindowsError.h">
      <Filter>Inc</Filter>
    </ClInclude>
    <ClInclude Include="..\Inc\FRiffChunk.h">
      <Filter>Inc</Filter>
    </ClInclude>
    <ClInclude Include="..\Inc\UExporter.h">
      <Filter>Inc</Filter>
    </ClInclude>
    <ClInclude Include="..\Inc\UFactory.h">
      <Filter>Inc</Filter>
    </ClInclude>
    <ClInclude Include="..\Inc\UnArc.h">
      <Filter>Inc</Filter>
    </ClInclude>
    <ClInclude Include="..\Inc\UnBits.h">
      <Filter>Inc</Filter>
    </ClInclude>
    <ClInclude Include="..\Inc\UnBuild.h">
      <Filter>Inc</Filter>
    </ClInclude>
    <ClInclude Include="..\Inc\UnCId.h">
      <Filter>Inc</Filter>
    </ClInclude>
    <ClInclude Include="..\Inc\UnCache.h">
      <Filter>Inc</Filter>
    </ClInclude>
    <ClInclude Include="..\Inc\UnClass.h">
      <Filter>Inc</Filter>
    </ClInclude>
    <ClInclude Include="..\Inc\UnCorObj.h">
      <Filter>Inc</Filter>
    </ClInclude>
    <ClInclude Include="..\Inc\UnCoreNative.h">
      <Filter>Inc</Filter>
    </ClInclude>
    <ClInclude Include="..\Inc\UnCoreNet.h">
      <Filter>Inc</Filter>
    </ClInclude>
    <ClInclude Include="..\Inc\UnFile.h">
      <Filter>Inc</Filter>
    </ClInclude>
    <ClInclude Include="..\Inc\UnGnuG.h">
      <Filter>Inc</Filter>
    </ClInclude>
    <ClInclude Include="..\Inc\UnLinker.h">
      <Filter>Inc</Filter>
    </ClInclude>
    <ClInclude Include="..\Inc\UnMath.h">
      <Filter>Inc</Filter>
    </ClInclude>
    <ClInclude Include="..\Inc\UnMem.h">
      <Filter>Inc</Filter>
    </ClInclude>
    <ClInclude Include="..\Inc\UnMsg.h">
      <Filter>Inc</Filter>
    </ClInclude>
    <ClInclude Include="..\Inc\UnName.h">
      <Filter>Inc</Filter>
    </ClInclude>
    <ClInclude Include="..\Inc\UnNames.h">
      <Filter>Inc</Filter>
    </ClInclude>
    <ClInclude Include="..\Inc\UnObjBas.h">
      <Filter>Inc</Filter>
    </ClInclude>
    <ClInclude Include="..\Inc\UnObjVer.h">
      <Filter>Inc</Filter>
    </ClInclude>
    <ClInclude Include="..\Inc\UnScript.h">
      <Filter>Inc</Filter>
    </ClInclude>
    <ClInclude Include="..\Inc\UnStack.h">
      <Filter>Inc</Filter>
    </ClInclude>
    <ClInclude Include="..\Inc\UnTemplate.h">
      <Filter>Inc</Filter>
    </ClInclude>
    <ClInclude Include="..\Inc\UnType.h">
      <Filter>Inc</Filter>
    </ClInclude>
    <ClInclude Include="..\Inc\UnUnix.h">
      <Filter>Inc</Filter>
    </ClInclude>
    <ClInclude Include="..\Inc\UnVcWin32.h">
      <Filter>Inc</Filter>
    </ClInclude>
    <ClInclude Include="..\Inc\UnVcWn32SSE.h">
      <Filter>Inc</Filter>
    </ClInclude>
  </ItemGroup>
  <ItemGroup>
    <None Include="..\Classes\Commandlet.uc">
      <Filter>Classes</Filter>
    </None>
    <None Include="..\Classes\Locale.uc">
      <Filter>Classes</Filter>
    </None>
    <None Include="..\Classes\Object.uc">
      <Filter>Classes</Filter>
    </None>
    <None Include="..\Classes\Subsystem.uc">
      <Filter>Classes</Filter>
    </None>
    <None Include="..\Classes\Time.uc">
      <Filter>Classes</Filter>
    </None>
    <None Include="..\..\System\Core.int">
      <Filter>Int</Filter>
    </None>
  </ItemGroup>
</Project>