<?xml version="1.0" encoding="utf-8"?>
<Project ToolsVersion="4.0" xmlns="http://schemas.microsoft.com/developer/msbuild/2003">
  <ItemGroup>
    <Filter Include="Src">
      <UniqueIdentifier>{51591285-ac77-4de9-8564-09024097b569}</UniqueIdentifier>
      <Extensions>*.cpp;*.h</Extensions>
    </Filter>
    <Filter Include="Inc">
      <UniqueIdentifier>{211209fe-edb7-4b22-ae3e-dcca2916064c}</UniqueIdentifier>
    </Filter>
  </ItemGroup>
  <ItemGroup>
    <ClCompile Include="OpenGLDrv.cpp">
      <Filter>Src</Filter>
    </ClCompile>
    <ClCompile Include="OpenGLMaterialState.cpp">
      <Filter>Src</Filter>
    </ClCompile>
    <ClCompile Include="OpenGLRenderDevice.cpp">
      <Filter>Src</Filter>
    </ClCompile>
    <ClCompile Include="OpenGLRenderInterface.cpp">
      <Filter>Src</Filter>
    </ClCompile>
    <ClCompile Include="OpenGLResource.cpp">
      <Filter>Src</Filter>
    </ClCompile>
  </ItemGroup>
  <ItemGroup>
    <ClInclude Include="..\Inc\OpenGLDrv.h">
      <Filter>Inc</Filter>
    </ClInclude>
    <ClInclude Include="..\Inc\OpenGLFuncs.h">
      <Filter>Inc</Filter>
    </ClInclude>
    <ClInclude Include="..\Inc\OpenGLRenderDevice.h">
      <Filter>Inc</Filter>
    </ClInclude>
    <ClInclude Include="..\Inc\OpenGLRenderInterface.h">
      <Filter>Inc</Filter>
    </ClInclude>
    <ClInclude Include="..\Inc\OpenGLResource.h">
      <Filter>Inc</Filter>
    </ClInclude>
    <ClInclude Include="..\Inc\glext.h">
      <Filter>Inc</Filter>
    </ClInclude>
  </ItemGroup>
</Project>